
Microsoft Visual Studio Solution File, Format Version 12.00
# Visual Studio Version 17
VisualStudioVersion = 17.7.34024.191
MinimumVisualStudioVersion = 10.0.40219.1
Project("{FAE04EC0-301F-11D3-BF4B-00C04F79EFBC}") = "Closhure", "Closhure.csproj", "{79C59E91-8015-42BE-91E6-5AB1B77EAE0D}"
EndProject
Global
	GlobalSection(SolutionConfigurationPlatforms) = preSolution
		Debug|Any CPU = Debug|Any CPU
		Release|Any CPU = Release|Any CPU
	EndGlobalSection
	GlobalSection(ProjectConfigurationPlatforms) = postSolution
		{79C59E91-8015-42BE-91E6-5AB1B77EAE0D}.Debug|Any CPU.ActiveCfg = Debug|Any CPU
		{79C59E91-8015-42BE-91E6-5AB1B77EAE0D}.Debug|Any CPU.Build.0 = Debug|Any CPU
		{79C59E91-8015-42BE-91E6-5AB1B77EAE0D}.Release|Any CPU.ActiveCfg = Release|Any CPU
		{79C59E91-8015-42BE-91E6-5AB1B77EAE0D}.Release|Any CPU.Build.0 = Release|Any CPU
	EndGlobalSection
	GlobalSection(SolutionProperties) = preSolution
		HideSolutionNode = FALSE
	EndGlobalSection
	GlobalSection(ExtensibilityGlobals) = postSolution
		SolutionGuid = {8F47117A-4CCE-41A9-9ADA-80A2E3451ACF}
	EndGlobalSection
EndGlobal
